
Microsoft Visual Studio Solution File, Format Version 12.00
# Visual Studio Version 16
VisualStudioVersion = 16.0.30621.155
MinimumVisualStudioVersion = 10.0.40219.1
Project("{9A19103F-16F7-4668-BE54-9A1E7A4F7556}") = "IocManagerCore", "IocManager.Core\IocManagerCore.csproj", "{1C62BD69-5060-4560-981E-6FDC56C6FE43}"
EndProject
Project("{9A19103F-16F7-4668-BE54-9A1E7A4F7556}") = "Example", "Example\Example.csproj", "{F137CB73-037B-4B4D-9C70-303E448E935C}"
EndProject
Global
	GlobalSection(SolutionConfigurationPlatforms) = preSolution
		Debug|Any CPU = Debug|Any CPU
		Release|Any CPU = Release|Any CPU
	EndGlobalSection
	GlobalSection(ProjectConfigurationPlatforms) = postSolution
		{1C62BD69-5060-4560-981E-6FDC56C6FE43}.Debug|Any CPU.ActiveCfg = Debug|Any CPU
		{1C62BD69-5060-4560-981E-6FDC56C6FE43}.Debug|Any CPU.Build.0 = Debug|Any CPU
		{1C62BD69-5060-4560-981E-6FDC56C6FE43}.Release|Any CPU.ActiveCfg = Release|Any CPU
		{1C62BD69-5060-4560-981E-6FDC56C6FE43}.Release|Any CPU.Build.0 = Release|Any CPU
		{F137CB73-037B-4B4D-9C70-303E448E935C}.Debug|Any CPU.ActiveCfg = Debug|Any CPU
		{F137CB73-037B-4B4D-9C70-303E448E935C}.Debug|Any CPU.Build.0 = Debug|Any CPU
		{F137CB73-037B-4B4D-9C70-303E448E935C}.Release|Any CPU.ActiveCfg = Release|Any CPU
		{F137CB73-037B-4B4D-9C70-303E448E935C}.Release|Any CPU.Build.0 = Release|Any CPU
	EndGlobalSection
	GlobalSection(SolutionProperties) = preSolution
		HideSolutionNode = FALSE
	EndGlobalSection
	GlobalSection(ExtensibilityGlobals) = postSolution
		SolutionGuid = {36D4BDD3-513E-4B37-9531-A7839CE71FBA}
	EndGlobalSection
EndGlobal
